
Microsoft Visual Studio Solution File, Format Version 12.00
# Visual Studio Version 17
VisualStudioVersion = 17.0.31912.275
MinimumVisualStudioVersion = 10.0.40219.1
Project("{FAE04EC0-301F-11D3-BF4B-00C04F79EFBC}") = "LabWpfApp19", "LabWpfApp19\LabWpfApp19.csproj", "{5AA15C26-2125-4887-8A74-AA265FF915CC}"
EndProject
Global
	GlobalSection(SolutionConfigurationPlatforms) = preSolution
		Debug|Any CPU = Debug|Any CPU
		Release|Any CPU = Release|Any CPU
	EndGlobalSection
	GlobalSection(ProjectConfigurationPlatforms) = postSolution
		{5AA15C26-2125-4887-8A74-AA265FF915CC}.Debug|Any CPU.ActiveCfg = Debug|Any CPU
		{5AA15C26-2125-4887-8A74-AA265FF915CC}.Debug|Any CPU.Build.0 = Debug|Any CPU
		{5AA15C26-2125-4887-8A74-AA265FF915CC}.Release|Any CPU.ActiveCfg = Release|Any CPU
		{5AA15C26-2125-4887-8A74-AA265FF915CC}.Release|Any CPU.Build.0 = Release|Any CPU
	EndGlobalSection
	GlobalSection(SolutionProperties) = preSolution
		HideSolutionNode = FALSE
	EndGlobalSection
	GlobalSection(ExtensibilityGlobals) = postSolution
		SolutionGuid = {FFF256E0-250B-4D83-AB60-D3FC2B6457FD}
	EndGlobalSection
EndGlobal
